
Microsoft Visual Studio Solution File, Format Version 12.00
# Visual Studio Version 17
VisualStudioVersion = 17.9.34622.214
MinimumVisualStudioVersion = 10.0.40219.1
Project("{FAE04EC0-301F-11D3-BF4B-00C04F79EFBC}") = "Card Game", "Card Game\Card Game.csproj", "{F038F7F5-D51E-4F9F-BFBB-65865EF3C331}"
EndProject
Global
	GlobalSection(SolutionConfigurationPlatforms) = preSolution
		Debug|Any CPU = Debug|Any CPU
		Release|Any CPU = Release|Any CPU
	EndGlobalSection
	GlobalSection(ProjectConfigurationPlatforms) = postSolution
		{F038F7F5-D51E-4F9F-BFBB-65865EF3C331}.Debug|Any CPU.ActiveCfg = Debug|Any CPU
		{F038F7F5-D51E-4F9F-BFBB-65865EF3C331}.Debug|Any CPU.Build.0 = Debug|Any CPU
		{F038F7F5-D51E-4F9F-BFBB-65865EF3C331}.Release|Any CPU.ActiveCfg = Release|Any CPU
		{F038F7F5-D51E-4F9F-BFBB-65865EF3C331}.Release|Any CPU.Build.0 = Release|Any CPU
	EndGlobalSection
	GlobalSection(SolutionProperties) = preSolution
		HideSolutionNode = FALSE
	EndGlobalSection
	GlobalSection(ExtensibilityGlobals) = postSolution
		SolutionGuid = {3F9AC2EA-CD8D-410D-B7D4-1F1E95F860B7}
	EndGlobalSection
EndGlobal
